# This file is autogenerated, do not edit; changes may be undone by the next 'dep ensure'.


[[projects]]
  branch = "master"
  name = "github.com/chzyer/flagly"
  packages = ["."]
  revision = "6fb91c5b863b1552d240d8d1c4e26724986f566a"

[[projects]]
  branch = "master"
  name = "github.com/chzyer/flow"
  packages = ["."]
  revision = "62b22e3ff5c323127f12b2a21afce6d591b325f0"

[[projects]]
  name = "github.com/chzyer/logex"
  packages = ["."]
  revision = "cd112f618178aaaf4ea8592c8839f5276145d9cf"
  version = "v1.1.10"

[[projects]]
  name = "github.com/chzyer/readline"
  packages = ["."]
  revision = "62c6fe6193755f722b8b8788aa7357be55a50ff1"
  version = "v1.4"

[[projects]]
  branch = "master"
  name = "github.com/chzyer/test"
  packages = ["."]
  revision = "bea8f082b6fd8382588bf6fdc6af9217078af151"

[[projects]]
  branch = "master"
  name = "github.com/pkg/term"
  packages = ["termios"]
  revision = "b1f72af2d63057363398bec5873d16a98b453312"

[[projects]]
  branch = "master"
  name = "golang.org/x/sys"
  packages = ["unix"]
  revision = "314a259e304ff91bd6985da2a7149bbf91237993"

[[projects]]
  name = "qiniupkg.com/text"
  packages = ["tpl.v1","tpl.v1/interpreter","tpl.v1/interpreter.util"]
  revision = "a9318115b4dbe0c9d7ae7be66cf8d95653476fb9"
  version = "v2.1.00"

[[projects]]
  name = "qlang.io"
  packages = ["cl","cl/qlang","exec","spec"]
  revision = "444a32606896343fb1547df1c61553030e2eb8ba"
  version = "v4.1.00"

[solve-meta]
  analyzer-name = "dep"
  analyzer-version = 1
  inputs-digest = "cd733e2e606f75fe2b84531420f2c8807106f7058cc0e1e3495ddc7310319df5"
  solver-name = "gps-cdcl"
  solver-version = 1
